
Microsoft Visual Studio Solution File, Format Version 12.00
# Visual Studio Version 17
VisualStudioVersion = 17.9.34607.119
MinimumVisualStudioVersion = 10.0.40219.1
Project("{FAE04EC0-301F-11D3-BF4B-00C04F79EFBC}") = "ServicioInyeccionDependencia", "ServicioInyeccionDependencia\ServicioInyeccionDependencia.csproj", "{A5D7113E-85F7-4AD6-898A-AE4A969B5C54}"
EndProject
Global
	GlobalSection(SolutionConfigurationPlatforms) = preSolution
		Debug|Any CPU = Debug|Any CPU
		Release|Any CPU = Release|Any CPU
	EndGlobalSection
	GlobalSection(ProjectConfigurationPlatforms) = postSolution
		{A5D7113E-85F7-4AD6-898A-AE4A969B5C54}.Debug|Any CPU.ActiveCfg = Debug|Any CPU
		{A5D7113E-85F7-4AD6-898A-AE4A969B5C54}.Debug|Any CPU.Build.0 = Debug|Any CPU
		{A5D7113E-85F7-4AD6-898A-AE4A969B5C54}.Release|Any CPU.ActiveCfg = Release|Any CPU
		{A5D7113E-85F7-4AD6-898A-AE4A969B5C54}.Release|Any CPU.Build.0 = Release|Any CPU
	EndGlobalSection
	GlobalSection(SolutionProperties) = preSolution
		HideSolutionNode = FALSE
	EndGlobalSection
	GlobalSection(ExtensibilityGlobals) = postSolution
		SolutionGuid = {CC254DDA-1E11-4551-AAAA-2699A0A7F2BF}
	EndGlobalSection
EndGlobal
